
Microsoft Visual Studio Solution File, Format Version 12.00
# Visual Studio Version 17
VisualStudioVersion = 17.5.002.0
MinimumVisualStudioVersion = 10.0.40219.1
Project("{9A19103F-16F7-4668-BE54-9A1E7A4F7556}") = "csharp-evaluate-boolean-expressions", "csharp-evaluate-boolean-expressions\csharp-evaluate-boolean-expressions.csproj", "{0E7F2405-8988-4190-A929-DF7BCB3A2C8D}"
EndProject
Project("{9A19103F-16F7-4668-BE54-9A1E7A4F7556}") = "implementar-o-operador-condicional", "implementar-o-operador-condicional\implementar-o-operador-condicional.csproj", "{06B4BA63-80E3-40F5-A7DB-E9E2F8A0B5B2}"
EndProject
Project("{FAE04EC0-301F-11D3-BF4B-00C04F79EFBC}") = "Desafio-da-logica-decisao", "Desafio-da-logica-decisao\Desafio-da-logica-decisao.csproj", "{4D6EACD1-29DD-4358-B34C-9EE55B13B70D}"
EndProject
Project("{FAE04EC0-301F-11D3-BF4B-00C04F79EFBC}") = "blocos-codigo-ambito-variavel", "blocos-codigo-ambito-variavel\blocos-codigo-ambito-variavel.csproj", "{FAF26DB3-4BE1-45E5-AD96-3DE3AD7DAEDD}"
EndProject
Project("{FAE04EC0-301F-11D3-BF4B-00C04F79EFBC}") = "tipo-variavel", "tipo-variavel\tipo-variavel.csproj", "{2D502843-44D2-4439-BE43-988D4C93C2C5}"
EndProject
Project("{FAE04EC0-301F-11D3-BF4B-00C04F79EFBC}") = "tipyParce", "tipyParce\tipyParce.csproj", "{DA6E6ED4-7B2B-4900-AA69-5C35355C64D4}"
EndProject
Project("{FAE04EC0-301F-11D3-BF4B-00C04F79EFBC}") = "manipulas-matriz", "manipulas-matriz\manipulas-matriz.csproj", "{BF8A5434-7BA2-44B7-879C-0C77B0E908EA}"
EndProject
Project("{FAE04EC0-301F-11D3-BF4B-00C04F79EFBC}") = "csharp-format-strings", "csharp-format-strings\csharp-format-strings.csproj", "{BFE3A83C-12DE-4C31-97FF-24B63A8D0BE5}"
EndProject
Project("{FAE04EC0-301F-11D3-BF4B-00C04F79EFBC}") = "Formatar_dados_alfanumericao_apresentacao", "Formatar_dados_alfanumericao_apresentacao\Formatar_dados_alfanumericao_apresentacao.csproj", "{F1B7DABC-2D8F-4091-99EA-ADEA8378204D}"
EndProject
Project("{FAE04EC0-301F-11D3-BF4B-00C04F79EFBC}") = "csharp-modify-content", "csharp-modify-content\csharp-modify-content.csproj", "{E084B0F5-BF10-41C7-B36B-F989EE54EB70}"
EndProject
Project("{FAE04EC0-301F-11D3-BF4B-00C04F79EFBC}") = "metodo-displayRondomNumbers", "metodo-displayRondomNumbers\metodo-displayRondomNumbers.csproj", "{F35D7467-500C-4770-9434-1EF8F9BEAB63}"
EndProject
Project("{FAE04EC0-301F-11D3-BF4B-00C04F79EFBC}") = "metodo-control_fuso_horario", "metodo-control_fuso_horario\metodo-control_fuso_horario.csproj", "{12169F0B-A6C0-4FBF-8BA0-75FBE086A366}"
EndProject
Project("{FAE04EC0-301F-11D3-BF4B-00C04F79EFBC}") = "metodo-vericar_ipv4", "metodo-vericar_ipv4\metodo-vericar_ipv4.csproj", "{DDE1960A-28CD-4503-BD70-A57E8B3FCC46}"
EndProject
Project("{FAE04EC0-301F-11D3-BF4B-00C04F79EFBC}") = "metodo-verificar_preco", "metodo-verificar_preco\metodo-verificar_preco.csproj", "{75F801DC-080A-4CB2-807C-E2BB689CFBCB}"
EndProject
Global
	GlobalSection(SolutionConfigurationPlatforms) = preSolution
		Debug|Any CPU = Debug|Any CPU
		Release|Any CPU = Release|Any CPU
	EndGlobalSection
	GlobalSection(ProjectConfigurationPlatforms) = postSolution
		{0E7F2405-8988-4190-A929-DF7BCB3A2C8D}.Debug|Any CPU.ActiveCfg = Debug|Any CPU
		{0E7F2405-8988-4190-A929-DF7BCB3A2C8D}.Debug|Any CPU.Build.0 = Debug|Any CPU
		{0E7F2405-8988-4190-A929-DF7BCB3A2C8D}.Release|Any CPU.ActiveCfg = Release|Any CPU
		{0E7F2405-8988-4190-A929-DF7BCB3A2C8D}.Release|Any CPU.Build.0 = Release|Any CPU
		{06B4BA63-80E3-40F5-A7DB-E9E2F8A0B5B2}.Debug|Any CPU.ActiveCfg = Debug|Any CPU
		{06B4BA63-80E3-40F5-A7DB-E9E2F8A0B5B2}.Debug|Any CPU.Build.0 = Debug|Any CPU
		{06B4BA63-80E3-40F5-A7DB-E9E2F8A0B5B2}.Release|Any CPU.ActiveCfg = Release|Any CPU
		{06B4BA63-80E3-40F5-A7DB-E9E2F8A0B5B2}.Release|Any CPU.Build.0 = Release|Any CPU
		{4D6EACD1-29DD-4358-B34C-9EE55B13B70D}.Debug|Any CPU.ActiveCfg = Debug|Any CPU
		{4D6EACD1-29DD-4358-B34C-9EE55B13B70D}.Debug|Any CPU.Build.0 = Debug|Any CPU
		{4D6EACD1-29DD-4358-B34C-9EE55B13B70D}.Release|Any CPU.ActiveCfg = Release|Any CPU
		{4D6EACD1-29DD-4358-B34C-9EE55B13B70D}.Release|Any CPU.Build.0 = Release|Any CPU
		{FAF26DB3-4BE1-45E5-AD96-3DE3AD7DAEDD}.Debug|Any CPU.ActiveCfg = Debug|Any CPU
		{FAF26DB3-4BE1-45E5-AD96-3DE3AD7DAEDD}.Debug|Any CPU.Build.0 = Debug|Any CPU
		{FAF26DB3-4BE1-45E5-AD96-3DE3AD7DAEDD}.Release|Any CPU.ActiveCfg = Release|Any CPU
		{FAF26DB3-4BE1-45E5-AD96-3DE3AD7DAEDD}.Release|Any CPU.Build.0 = Release|Any CPU
		{2D502843-44D2-4439-BE43-988D4C93C2C5}.Debug|Any CPU.ActiveCfg = Debug|Any CPU
		{2D502843-44D2-4439-BE43-988D4C93C2C5}.Debug|Any CPU.Build.0 = Debug|Any CPU
		{2D502843-44D2-4439-BE43-988D4C93C2C5}.Release|Any CPU.ActiveCfg = Release|Any CPU
		{2D502843-44D2-4439-BE43-988D4C93C2C5}.Release|Any CPU.Build.0 = Release|Any CPU
		{DA6E6ED4-7B2B-4900-AA69-5C35355C64D4}.Debug|Any CPU.ActiveCfg = Debug|Any CPU
		{DA6E6ED4-7B2B-4900-AA69-5C35355C64D4}.Debug|Any CPU.Build.0 = Debug|Any CPU
		{DA6E6ED4-7B2B-4900-AA69-5C35355C64D4}.Release|Any CPU.ActiveCfg = Release|Any CPU
		{DA6E6ED4-7B2B-4900-AA69-5C35355C64D4}.Release|Any CPU.Build.0 = Release|Any CPU
		{BF8A5434-7BA2-44B7-879C-0C77B0E908EA}.Debug|Any CPU.ActiveCfg = Debug|Any CPU
		{BF8A5434-7BA2-44B7-879C-0C77B0E908EA}.Debug|Any CPU.Build.0 = Debug|Any CPU
		{BF8A5434-7BA2-44B7-879C-0C77B0E908EA}.Release|Any CPU.ActiveCfg = Release|Any CPU
		{BF8A5434-7BA2-44B7-879C-0C77B0E908EA}.Release|Any CPU.Build.0 = Release|Any CPU
		{BFE3A83C-12DE-4C31-97FF-24B63A8D0BE5}.Debug|Any CPU.ActiveCfg = Debug|Any CPU
		{BFE3A83C-12DE-4C31-97FF-24B63A8D0BE5}.Debug|Any CPU.Build.0 = Debug|Any CPU
		{BFE3A83C-12DE-4C31-97FF-24B63A8D0BE5}.Release|Any CPU.ActiveCfg = Release|Any CPU
		{BFE3A83C-12DE-4C31-97FF-24B63A8D0BE5}.Release|Any CPU.Build.0 = Release|Any CPU
		{F1B7DABC-2D8F-4091-99EA-ADEA8378204D}.Debug|Any CPU.ActiveCfg = Debug|Any CPU
		{F1B7DABC-2D8F-4091-99EA-ADEA8378204D}.Debug|Any CPU.Build.0 = Debug|Any CPU
		{F1B7DABC-2D8F-4091-99EA-ADEA8378204D}.Release|Any CPU.ActiveCfg = Release|Any CPU
		{F1B7DABC-2D8F-4091-99EA-ADEA8378204D}.Release|Any CPU.Build.0 = Release|Any CPU
		{E084B0F5-BF10-41C7-B36B-F989EE54EB70}.Debug|Any CPU.ActiveCfg = Debug|Any CPU
		{E084B0F5-BF10-41C7-B36B-F989EE54EB70}.Debug|Any CPU.Build.0 = Debug|Any CPU
		{E084B0F5-BF10-41C7-B36B-F989EE54EB70}.Release|Any CPU.ActiveCfg = Release|Any CPU
		{E084B0F5-BF10-41C7-B36B-F989EE54EB70}.Release|Any CPU.Build.0 = Release|Any CPU
		{F35D7467-500C-4770-9434-1EF8F9BEAB63}.Debug|Any CPU.ActiveCfg = Debug|Any CPU
		{F35D7467-500C-4770-9434-1EF8F9BEAB63}.Debug|Any CPU.Build.0 = Debug|Any CPU
		{F35D7467-500C-4770-9434-1EF8F9BEAB63}.Release|Any CPU.ActiveCfg = Release|Any CPU
		{F35D7467-500C-4770-9434-1EF8F9BEAB63}.Release|Any CPU.Build.0 = Release|Any CPU
		{12169F0B-A6C0-4FBF-8BA0-75FBE086A366}.Debug|Any CPU.ActiveCfg = Debug|Any CPU
		{12169F0B-A6C0-4FBF-8BA0-75FBE086A366}.Debug|Any CPU.Build.0 = Debug|Any CPU
		{12169F0B-A6C0-4FBF-8BA0-75FBE086A366}.Release|Any CPU.ActiveCfg = Release|Any CPU
		{12169F0B-A6C0-4FBF-8BA0-75FBE086A366}.Release|Any CPU.Build.0 = Release|Any CPU
		{DDE1960A-28CD-4503-BD70-A57E8B3FCC46}.Debug|Any CPU.ActiveCfg = Debug|Any CPU
		{DDE1960A-28CD-4503-BD70-A57E8B3FCC46}.Debug|Any CPU.Build.0 = Debug|Any CPU
		{DDE1960A-28CD-4503-BD70-A57E8B3FCC46}.Release|Any CPU.ActiveCfg = Release|Any CPU
		{DDE1960A-28CD-4503-BD70-A57E8B3FCC46}.Release|Any CPU.Build.0 = Release|Any CPU
		{75F801DC-080A-4CB2-807C-E2BB689CFBCB}.Debug|Any CPU.ActiveCfg = Debug|Any CPU
		{75F801DC-080A-4CB2-807C-E2BB689CFBCB}.Debug|Any CPU.Build.0 = Debug|Any CPU
		{75F801DC-080A-4CB2-807C-E2BB689CFBCB}.Release|Any CPU.ActiveCfg = Release|Any CPU
		{75F801DC-080A-4CB2-807C-E2BB689CFBCB}.Release|Any CPU.Build.0 = Release|Any CPU
	EndGlobalSection
	GlobalSection(SolutionProperties) = preSolution
		HideSolutionNode = FALSE
	EndGlobalSection
	GlobalSection(ExtensibilityGlobals) = postSolution
		SolutionGuid = {27FD3B09-AE39-4C5D-8666-BE095F177074}
	EndGlobalSection
EndGlobal
